
Microsoft Visual Studio Solution File, Format Version 12.00
# Visual Studio 15
VisualStudioVersion = 15.0.28307.1705
MinimumVisualStudioVersion = 10.0.40219.1
Project("{8BC9CEB8-8B4A-11D0-8D11-00A0C91BC942}") = "33", "33\33.vcxproj", "{D3FBA23C-2103-4D9F-B516-DEE92D32B3C1}"
EndProject
Global
	GlobalSection(SolutionConfigurationPlatforms) = preSolution
		Debug|x64 = Debug|x64
		Debug|x86 = Debug|x86
		Release|x64 = Release|x64
		Release|x86 = Release|x86
	EndGlobalSection
	GlobalSection(ProjectConfigurationPlatforms) = postSolution
		{D3FBA23C-2103-4D9F-B516-DEE92D32B3C1}.Debug|x64.ActiveCfg = Debug|x64
		{D3FBA23C-2103-4D9F-B516-DEE92D32B3C1}.Debug|x64.Build.0 = Debug|x64
		{D3FBA23C-2103-4D9F-B516-DEE92D32B3C1}.Debug|x86.ActiveCfg = Debug|Win32
		{D3FBA23C-2103-4D9F-B516-DEE92D32B3C1}.Debug|x86.Build.0 = Debug|Win32
		{D3FBA23C-2103-4D9F-B516-DEE92D32B3C1}.Release|x64.ActiveCfg = Release|x64
		{D3FBA23C-2103-4D9F-B516-DEE92D32B3C1}.Release|x64.Build.0 = Release|x64
		{D3FBA23C-2103-4D9F-B516-DEE92D32B3C1}.Release|x86.ActiveCfg = Release|Win32
		{D3FBA23C-2103-4D9F-B516-DEE92D32B3C1}.Release|x86.Build.0 = Release|Win32
	EndGlobalSection
	GlobalSection(SolutionProperties) = preSolution
		HideSolutionNode = FALSE
	EndGlobalSection
	GlobalSection(ExtensibilityGlobals) = postSolution
		SolutionGuid = {CC3CD6D5-9813-4381-8E18-29E219B9E21D}
	EndGlobalSection
EndGlobal
